// !$*UTF8*$!
{
	archiveVersion = 1;
	classes = {
	};
	objectVersion = 56;
	objects = {

/* Begin PBXBuildFile section */
		A5BAE8E92E9395FB005AFCD1 /* SplitBuddyPOCApp.swift in Sources */ = {isa = PBXBuildFile; fileRef = A5BAE8E82E9395FB005AFCD1 /* SplitBuddyPOCApp.swift */; };
		A5BAE8EB2E9395FB005AFCD1 /* ContentView.swift in Sources */ = {isa = PBXBuildFile; fileRef = A5BAE8EA2E9395FB005AFCD1 /* ContentView.swift */; };
		A5BAE8ED2E9395FB005AFCD1 /* Item.swift in Sources */ = {isa = PBXBuildFile; fileRef = A5BAE8EC2E9395FB005AFCD1 /* Item.swift */; };
		A5BAE8EF2E9395FC005AFCD1 /* Assets.xcassets in Resources */ = {isa = PBXBuildFile; fileRef = A5BAE8EE2E9395FC005AFCD1 /* Assets.xcassets */; };
		A5BAE8F22E9395FC005AFCD1 /* Preview Assets.xcassets in Resources */ = {isa = PBXBuildFile; fileRef = A5BAE8F12E9395FC005AFCD1 /* Preview Assets.xcassets */; };
		A5BAE8FC2E9395FC005AFCD1 /* SplitBuddyPOCTests.swift in Sources */ = {isa = PBXBuildFile; fileRef = A5BAE8FB2E9395FC005AFCD1 /* SplitBuddyPOCTests.swift */; };
		A5BAE9062E9395FC005AFCD1 /* SplitBuddyPOCUITests.swift in Sources */ = {isa = PBXBuildFile; fileRef = A5BAE9052E9395FC005AFCD1 /* SplitBuddyPOCUITests.swift */; };
		A5BAE9082E9395FC005AFCD1 /* SplitBuddyPOCUITestsLaunchTests.swift in Sources */ = {isa = PBXBuildFile; fileRef = A5BAE9072E9395FC005AFCD1 /* SplitBuddyPOCUITestsLaunchTests.swift */; };
/* End PBXBuildFile section */

/* Begin PBXContainerItemProxy section */
		A5BAE8F82E9395FC005AFCD1 /* PBXContainerItemProxy */ = {
			isa = PBXContainerItemProxy;
			containerPortal = A5BAE8DD2E9395FB005AFCD1 /* Project object */;
			proxyType = 1;
			remoteGlobalIDString = A5BAE8E42E9395FB005AFCD1;
			remoteInfo = SplitBuddyPOC;
		};
		A5BAE9022E9395FC005AFCD1 /* PBXContainerItemProxy */ = {
			isa = PBXContainerItemProxy;
			containerPortal = A5BAE8DD2E9395FB005AFCD1 /* Project object */;
			proxyType = 1;
			remoteGlobalIDString = A5BAE8E42E9395FB005AFCD1;
			remoteInfo = SplitBuddyPOC;
		};
/* End PBXContainerItemProxy section */

/* Begin PBXFileReference section */
		A5BAE8E52E9395FB005AFCD1 /* SplitBuddyPOC.app */ = {isa = PBXFileReference; explicitFileType = wrapper.application; includeInIndex = 0; path = SplitBuddyPOC.app; sourceTree = BUILT_PRODUCTS_DIR; };
		A5BAE8E82E9395FB005AFCD1 /* SplitBuddyPOCApp.swift */ = {isa = PBXFileReference; lastKnownFileType = sourcecode.swift; path = SplitBuddyPOCApp.swift; sourceTree = "<group>"; };
		A5BAE8EA2E9395FB005AFCD1 /* ContentView.swift */ = {isa = PBXFileReference; lastKnownFileType = sourcecode.swift; path = ContentView.swift; sourceTree = "<group>"; };
		A5BAE8EC2E9395FB005AFCD1 /* Item.swift */ = {isa = PBXFileReference; lastKnownFileType = sourcecode.swift; path = Item.swift; sourceTree = "<group>"; };
		A5BAE8EE2E9395FC005AFCD1 /* Assets.xcassets */ = {isa = PBXFileReference; lastKnownFileType = folder.assetcatalog; path = Assets.xcassets; sourceTree = "<group>"; };
		A5BAE8F12E9395FC005AFCD1 /* Preview Assets.xcassets */ = {isa = PBXFileReference; lastKnownFileType = folder.assetcatalog; path = "Preview Assets.xcassets"; sourceTree = "<group>"; };
		A5BAE8F72E9395FC005AFCD1 /* SplitBuddyPOCTests.xctest */ = {isa = PBXFileReference; explicitFileType = wrapper.cfbundle; includeInIndex = 0; path = SplitBuddyPOCTests.xctest; sourceTree = BUILT_PRODUCTS_DIR; };
		A5BAE8FB2E9395FC005AFCD1 /* SplitBuddyPOCTests.swift */ = {isa = PBXFileReference; lastKnownFileType = sourcecode.swift; path = SplitBuddyPOCTests.swift; sourceTree = "<group>"; };
		A5BAE9012E9395FC005AFCD1 /* SplitBuddyPOCUITests.xctest */ = {isa = PBXFileReference; explicitFileType = wrapper.cfbundle; includeInIndex = 0; path = SplitBuddyPOCUITests.xctest; sourceTree = BUILT_PRODUCTS_DIR; };
		A5BAE9052E9395FC005AFCD1 /* SplitBuddyPOCUITests.swift */ = {isa = PBXFileReference; lastKnownFileType = sourcecode.swift; path = SplitBuddyPOCUITests.swift; sourceTree = "<group>"; };
		A5BAE9072E9395FC005AFCD1 /* SplitBuddyPOCUITestsLaunchTests.swift */ = {isa = PBXFileReference; lastKnownFileType = sourcecode.swift; path = SplitBuddyPOCUITestsLaunchTests.swift; sourceTree = "<group>"; };
/* End PBXFileReference section */

/* Begin PBXFrameworksBuildPhase section */
		A5BAE8E22E9395FB005AFCD1 /* Frameworks */ = {
			isa = PBXFrameworksBuildPhase;
			buildActionMask = 2147483647;
			files = (
			);
			runOnlyForDeploymentPostprocessing = 0;
		};
		A5BAE8F42E9395FC005AFCD1 /* Frameworks */ = {
			isa = PBXFrameworksBuildPhase;
			buildActionMask = 2147483647;
			files = (
			);
			runOnlyForDeploymentPostprocessing = 0;
		};
		A5BAE8FE2E9395FC005AFCD1 /* Frameworks */ = {
			isa = PBXFrameworksBuildPhase;
			buildActionMask = 2147483647;
			files = (
			);
			runOnlyForDeploymentPostprocessing = 0;
		};
/* End PBXFrameworksBuildPhase section */

/* Begin PBXGroup section */
		A5BAE8DC2E9395FB005AFCD1 = {
			isa = PBXGroup;
			children = (
				A5BAE8E72E9395FB005AFCD1 /* SplitBuddyPOC */,
				A5BAE8FA2E9395FC005AFCD1 /* SplitBuddyPOCTests */,
				A5BAE9042E9395FC005AFCD1 /* SplitBuddyPOCUITests */,
				A5BAE8E62E9395FB005AFCD1 /* Products */,
			);
			sourceTree = "<group>";
		};
		A5BAE8E62E9395FB005AFCD1 /* Products */ = {
			isa = PBXGroup;
			children = (
				A5BAE8E52E9395FB005AFCD1 /* SplitBuddyPOC.app */,
				A5BAE8F72E9395FC005AFCD1 /* SplitBuddyPOCTests.xctest */,
				A5BAE9012E9395FC005AFCD1 /* SplitBuddyPOCUITests.xctest */,
			);
			name = Products;
			sourceTree = "<group>";
		};
		A5BAE8E72E9395FB005AFCD1 /* SplitBuddyPOC */ = {
			isa = PBXGroup;
			children = (
				A5BAE8E82E9395FB005AFCD1 /* SplitBuddyPOCApp.swift */,
				A5BAE8EA2E9395FB005AFCD1 /* ContentView.swift */,
				A5BAE8EC2E9395FB005AFCD1 /* Item.swift */,
				A5BAE8EE2E9395FC005AFCD1 /* Assets.xcassets */,
				A5BAE8F02E9395FC005AFCD1 /* Preview Content */,
			);
			path = SplitBuddyPOC;
			sourceTree = "<group>";
		};
		A5BAE8F02E9395FC005AFCD1 /* Preview Content */ = {
			isa = PBXGroup;
			children = (
				A5BAE8F12E9395FC005AFCD1 /* Preview Assets.xcassets */,
			);
			path = "Preview Content";
			sourceTree = "<group>";
		};
		A5BAE8FA2E9395FC005AFCD1 /* SplitBuddyPOCTests */ = {
			isa = PBXGroup;
			children = (
				A5BAE8FB2E9395FC005AFCD1 /* SplitBuddyPOCTests.swift */,
			);
			path = SplitBuddyPOCTests;
			sourceTree = "<group>";
		};
		A5BAE9042E9395FC005AFCD1 /* SplitBuddyPOCUITests */ = {
			isa = PBXGroup;
			children = (
				A5BAE9052E9395FC005AFCD1 /* SplitBuddyPOCUITests.swift */,
				A5BAE9072E9395FC005AFCD1 /* SplitBuddyPOCUITestsLaunchTests.swift */,
			);
			path = SplitBuddyPOCUITests;
			sourceTree = "<group>";
		};
/* End PBXGroup section */

/* Begin PBXNativeTarget section */
		A5BAE8E42E9395FB005AFCD1 /* SplitBuddyPOC */ = {
			isa = PBXNativeTarget;
			buildConfigurationList = A5BAE90B2E9395FC005AFCD1 /* Build configuration list for PBXNativeTarget "SplitBuddyPOC" */;
			buildPhases = (
				A5BAE8E12E9395FB005AFCD1 /* Sources */,
				A5BAE8E22E9395FB005AFCD1 /* Frameworks */,
				A5BAE8E32E9395FB005AFCD1 /* Resources */,
			);
			buildRules = (
			);
			dependencies = (
			);
			name = SplitBuddyPOC;
			productName = SplitBuddyPOC;
			productReference = A5BAE8E52E9395FB005AFCD1 /* SplitBuddyPOC.app */;
			productType = "com.apple.product-type.application";
		};
		A5BAE8F62E9395FC005AFCD1 /* SplitBuddyPOCTests */ = {
			isa = PBXNativeTarget;
			buildConfigurationList = A5BAE90E2E9395FC005AFCD1 /* Build configuration list for PBXNativeTarget "SplitBuddyPOCTests" */;
			buildPhases = (
				A5BAE8F32E9395FC005AFCD1 /* Sources */,
				A5BAE8F42E9395FC005AFCD1 /* Frameworks */,
				A5BAE8F52E9395FC005AFCD1 /* Resources */,
			);
			buildRules = (
			);
			dependencies = (
				A5BAE8F92E9395FC005AFCD1 /* PBXTargetDependency */,
			);
			name = SplitBuddyPOCTests;
			productName = SplitBuddyPOCTests;
			productReference = A5BAE8F72E9395FC005AFCD1 /* SplitBuddyPOCTests.xctest */;
			productType = "com.apple.product-type.bundle.unit-test";
		};
		A5BAE9002E9395FC005AFCD1 /* SplitBuddyPOCUITests */ = {
			isa = PBXNativeTarget;
			buildConfigurationList = A5BAE9112E9395FC005AFCD1 /* Build configuration list for PBXNativeTarget "SplitBuddyPOCUITests" */;
			buildPhases = (
				A5BAE8FD2E9395FC005AFCD1 /* Sources */,
				A5BAE8FE2E9395FC005AFCD1 /* Frameworks */,
				A5BAE8FF2E9395FC005AFCD1 /* Resources */,
			);
			buildRules = (
			);
			dependencies = (
				A5BAE9032E9395FC005AFCD1 /* PBXTargetDependency */,
			);
			name = SplitBuddyPOCUITests;
			productName = SplitBuddyPOCUITests;
			productReference = A5BAE9012E9395FC005AFCD1 /* SplitBuddyPOCUITests.xctest */;
			productType = "com.apple.product-type.bundle.ui-testing";
		};
/* End PBXNativeTarget section */

/* Begin PBXProject section */
		A5BAE8DD2E9395FB005AFCD1 /* Project object */ = {
			isa = PBXProject;
			attributes = {
				BuildIndependentTargetsInParallel = 1;
				LastSwiftUpdateCheck = 1500;
				LastUpgradeCheck = 1500;
				TargetAttributes = {
					A5BAE8E42E9395FB005AFCD1 = {
						CreatedOnToolsVersion = 15.0;
					};
					A5BAE8F62E9395FC005AFCD1 = {
						CreatedOnToolsVersion = 15.0;
						TestTargetID = A5BAE8E42E9395FB005AFCD1;
					};
					A5BAE9002E9395FC005AFCD1 = {
						CreatedOnToolsVersion = 15.0;
						TestTargetID = A5BAE8E42E9395FB005AFCD1;
					};
				};
			};
			buildConfigurationList = A5BAE8E02E9395FB005AFCD1 /* Build configuration list for PBXProject "SplitBuddyPOC" */;
			compatibilityVersion = "Xcode 14.0";
			developmentRegion = en;
			hasScannedForEncodings = 0;
			knownRegions = (
				en,
				Base,
			);
			mainGroup = A5BAE8DC2E9395FB005AFCD1;
			productRefGroup = A5BAE8E62E9395FB005AFCD1 /* Products */;
			projectDirPath = "";
			projectRoot = "";
			targets = (
				A5BAE8E42E9395FB005AFCD1 /* SplitBuddyPOC */,
				A5BAE8F62E9395FC005AFCD1 /* SplitBuddyPOCTests */,
				A5BAE9002E9395FC005AFCD1 /* SplitBuddyPOCUITests */,
			);
		};
/* End PBXProject section */

/* Begin PBXResourcesBuildPhase section */
		A5BAE8E32E9395FB005AFCD1 /* Resources */ = {
			isa = PBXResourcesBuildPhase;
			buildActionMask = 2147483647;
			files = (
				A5BAE8F22E9395FC005AFCD1 /* Preview Assets.xcassets in Resources */,
				A5BAE8EF2E9395FC005AFCD1 /* Assets.xcassets in Resources */,
			);
			runOnlyForDeploymentPostprocessing = 0;
		};
		A5BAE8F52E9395FC005AFCD1 /* Resources */ = {
			isa = PBXResourcesBuildPhase;
			buildActionMask = 2147483647;
			files = (
			);
			runOnlyForDeploymentPostprocessing = 0;
		};
		A5BAE8FF2E9395FC005AFCD1 /* Resources */ = {
			isa = PBXResourcesBuildPhase;
			buildActionMask = 2147483647;
			files = (
			);
			runOnlyForDeploymentPostprocessing = 0;
		};
/* End PBXResourcesBuildPhase section */

/* Begin PBXSourcesBuildPhase section */
		A5BAE8E12E9395FB005AFCD1 /* Sources */ = {
			isa = PBXSourcesBuildPhase;
			buildActionMask = 2147483647;
			files = (
				A5BAE8EB2E9395FB005AFCD1 /* ContentView.swift in Sources */,
				A5BAE8ED2E9395FB005AFCD1 /* Item.swift in Sources */,
				A5BAE8E92E9395FB005AFCD1 /* SplitBuddyPOCApp.swift in Sources */,
			);
			runOnlyForDeploymentPostprocessing = 0;
		};
		A5BAE8F32E9395FC005AFCD1 /* Sources */ = {
			isa = PBXSourcesBuildPhase;
			buildActionMask = 2147483647;
			files = (
				A5BAE8FC2E9395FC005AFCD1 /* SplitBuddyPOCTests.swift in Sources */,
			);
			runOnlyForDeploymentPostprocessing = 0;
		};
		A5BAE8FD2E9395FC005AFCD1 /* Sources */ = {
			isa = PBXSourcesBuildPhase;
			buildActionMask = 2147483647;
			files = (
				A5BAE9062E9395FC005AFCD1 /* SplitBuddyPOCUITests.swift in Sources */,
				A5BAE9082E9395FC005AFCD1 /* SplitBuddyPOCUITestsLaunchTests.swift in Sources */,
			);
			runOnlyForDeploymentPostprocessing = 0;
		};
/* End PBXSourcesBuildPhase section */

/* Begin PBXTargetDependency section */
		A5BAE8F92E9395FC005AFCD1 /* PBXTargetDependency */ = {
			isa = PBXTargetDependency;
			target = A5BAE8E42E9395FB005AFCD1 /* SplitBuddyPOC */;
			targetProxy = A5BAE8F82E9395FC005AFCD1 /* PBXContainerItemProxy */;
		};
		A5BAE9032E9395FC005AFCD1 /* PBXTargetDependency */ = {
			isa = PBXTargetDependency;
			target = A5BAE8E42E9395FB005AFCD1 /* SplitBuddyPOC */;
			targetProxy = A5BAE9022E9395FC005AFCD1 /* PBXContainerItemProxy */;
		};
/* End PBXTargetDependency section */

/* Begin XCBuildConfiguration section */
		A5BAE9092E9395FC005AFCD1 /* Debug */ = {
			isa = XCBuildConfiguration;
			buildSettings = {
				ALWAYS_SEARCH_USER_PATHS = NO;
				ASSETCATALOG_COMPILER_GENERATE_SWIFT_ASSET_SYMBOL_EXTENSIONS = YES;
				CLANG_ANALYZER_NONNULL = YES;
				CLANG_ANALYZER_NUMBER_OBJECT_CONVERSION = YES_AGGRESSIVE;
				CLANG_CXX_LANGUAGE_STANDARD = "gnu++20";
				CLANG_ENABLE_MODULES = YES;
				CLANG_ENABLE_OBJC_ARC = YES;
				CLANG_ENABLE_OBJC_WEAK = YES;
				CLANG_WARN_BLOCK_CAPTURE_AUTORELEASING = YES;
				CLANG_WARN_BOOL_CONVERSION = YES;
				CLANG_WARN_COMMA = YES;
				CLANG_WARN_CONSTANT_CONVERSION = YES;
				CLANG_WARN_DEPRECATED_OBJC_IMPLEMENTATIONS = YES;
				CLANG_WARN_DIRECT_OBJC_ISA_USAGE = YES_ERROR;
				CLANG_WARN_DOCUMENTATION_COMMENTS = YES;
				CLANG_WARN_EMPTY_BODY = YES;
				CLANG_WARN_ENUM_CONVERSION = YES;
				CLANG_WARN_INFINITE_RECURSION = YES;
				CLANG_WARN_INT_CONVERSION = YES;
				CLANG_WARN_NON_LITERAL_NULL_CONVERSION = YES;
				CLANG_WARN_OBJC_IMPLICIT_RETAIN_SELF = YES;
				CLANG_WARN_OBJC_LITERAL_CONVERSION = YES;
				CLANG_WARN_OBJC_ROOT_CLASS = YES_ERROR;
				CLANG_WARN_QUOTED_INCLUDE_IN_FRAMEWORK_HEADER = YES;
				CLANG_WARN_RANGE_LOOP_ANALYSIS = YES;
				CLANG_WARN_STRICT_PROTOTYPES = YES;
				CLANG_WARN_SUSPICIOUS_MOVE = YES;
				CLANG_WARN_UNGUARDED_AVAILABILITY = YES_AGGRESSIVE;
				CLANG_WARN_UNREACHABLE_CODE = YES;
				CLANG_WARN__DUPLICATE_METHOD_MATCH = YES;
				COPY_PHASE_STRIP = NO;
				DEBUG_INFORMATION_FORMAT = dwarf;
				ENABLE_STRICT_OBJC_MSGSEND = YES;
				ENABLE_TESTABILITY = YES;
				ENABLE_USER_SCRIPT_SANDBOXING = YES;
				GCC_C_LANGUAGE_STANDARD = gnu17;
				GCC_DYNAMIC_NO_PIC = NO;
				GCC_NO_COMMON_BLOCKS = YES;
				GCC_OPTIMIZATION_LEVEL = 0;
				GCC_PREPROCESSOR_DEFINITIONS = (
					"DEBUG=1",
					"$(inherited)",
				);
				GCC_WARN_64_TO_32_BIT_CONVERSION = YES;
				GCC_WARN_ABOUT_RETURN_TYPE = YES_ERROR;
				GCC_WARN_UNDECLARED_SELECTOR = YES;
				GCC_WARN_UNINITIALIZED_AUTOS = YES_AGGRESSIVE;
				GCC_WARN_UNUSED_FUNCTION = YES;
				GCC_WARN_UNUSED_VARIABLE = YES;
				IPHONEOS_DEPLOYMENT_TARGET = 17.0;
				LOCALIZATION_PREFERS_STRING_CATALOGS = YES;
				MTL_ENABLE_DEBUG_INFO = INCLUDE_SOURCE;
				MTL_FAST_MATH = YES;
				ONLY_ACTIVE_ARCH = YES;
				SDKROOT = iphoneos;
				SWIFT_ACTIVE_COMPILATION_CONDITIONS = "DEBUG $(inherited)";
				SWIFT_OPTIMIZATION_LEVEL = "-Onone";
			};
			name = Debug;
		};
		A5BAE90A2E9395FC005AFCD1 /* Release */ = {
			isa = XCBuildConfiguration;
			buildSettings = {
				ALWAYS_SEARCH_USER_PATHS = NO;
				ASSETCATALOG_COMPILER_GENERATE_SWIFT_ASSET_SYMBOL_EXTENSIONS = YES;
				CLANG_ANALYZER_NONNULL = YES;
				CLANG_ANALYZER_NUMBER_OBJECT_CONVERSION = YES_AGGRESSIVE;
				CLANG_CXX_LANGUAGE_STANDARD = "gnu++20";
				CLANG_ENABLE_MODULES = YES;
				CLANG_ENABLE_OBJC_ARC = YES;
				CLANG_ENABLE_OBJC_WEAK = YES;
				CLANG_WARN_BLOCK_CAPTURE_AUTORELEASING = YES;
				CLANG_WARN_BOOL_CONVERSION = YES;
				CLANG_WARN_COMMA = YES;
				CLANG_WARN_CONSTANT_CONVERSION = YES;
				CLANG_WARN_DEPRECATED_OBJC_IMPLEMENTATIONS = YES;
				CLANG_WARN_DIRECT_OBJC_ISA_USAGE = YES_ERROR;
				CLANG_WARN_DOCUMENTATION_COMMENTS = YES;
				CLANG_WARN_EMPTY_BODY = YES;
				CLANG_WARN_ENUM_CONVERSION = YES;
				CLANG_WARN_INFINITE_RECURSION = YES;
				CLANG_WARN_INT_CONVERSION = YES;
				CLANG_WARN_NON_LITERAL_NULL_CONVERSION = YES;
				CLANG_WARN_OBJC_IMPLICIT_RETAIN_SELF = YES;
				CLANG_WARN_OBJC_LITERAL_CONVERSION = YES;
				CLANG_WARN_OBJC_ROOT_CLASS = YES_ERROR;
				CLANG_WARN_QUOTED_INCLUDE_IN_FRAMEWORK_HEADER = YES;
				CLANG_WARN_RANGE_LOOP_ANALYSIS = YES;
				CLANG_WARN_STRICT_PROTOTYPES = YES;
				CLANG_WARN_SUSPICIOUS_MOVE = YES;
				CLANG_WARN_UNGUARDED_AVAILABILITY = YES_AGGRESSIVE;
				CLANG_WARN_UNREACHABLE_CODE = YES;
				CLANG_WARN__DUPLICATE_METHOD_MATCH = YES;
				COPY_PHASE_STRIP = NO;
				DEBUG_INFORMATION_FORMAT = "dwarf-with-dsym";
				ENABLE_NS_ASSERTIONS = NO;
				ENABLE_STRICT_OBJC_MSGSEND = YES;
				ENABLE_USER_SCRIPT_SANDBOXING = YES;
				GCC_C_LANGUAGE_STANDARD = gnu17;
				GCC_NO_COMMON_BLOCKS = YES;
				GCC_WARN_64_TO_32_BIT_CONVERSION = YES;
				GCC_WARN_ABOUT_RETURN_TYPE = YES_ERROR;
				GCC_WARN_UNDECLARED_SELECTOR = YES;
				GCC_WARN_UNINITIALIZED_AUTOS = YES_AGGRESSIVE;
				GCC_WARN_UNUSED_FUNCTION = YES;
				GCC_WARN_UNUSED_VARIABLE = YES;
				IPHONEOS_DEPLOYMENT_TARGET = 17.0;
				LOCALIZATION_PREFERS_STRING_CATALOGS = YES;
				MTL_ENABLE_DEBUG_INFO = NO;
				MTL_FAST_MATH = YES;
				SDKROOT = iphoneos;
				SWIFT_COMPILATION_MODE = wholemodule;
				VALIDATE_PRODUCT = YES;
			};
			name = Release;
		};
		A5BAE90C2E9395FC005AFCD1 /* Debug */ = {
			isa = XCBuildConfiguration;
			buildSettings = {
				ASSETCATALOG_COMPILER_APPICON_NAME = AppIcon;
				ASSETCATALOG_COMPILER_GLOBAL_ACCENT_COLOR_NAME = AccentColor;
				CODE_SIGN_STYLE = Automatic;
				CURRENT_PROJECT_VERSION = 1;
				DEVELOPMENT_ASSET_PATHS = "\"SplitBuddyPOC/Preview Content\"";
				ENABLE_PREVIEWS = YES;
				GENERATE_INFOPLIST_FILE = YES;
				INFOPLIST_KEY_UIApplicationSceneManifest_Generation = YES;
				INFOPLIST_KEY_UIApplicationSupportsIndirectInputEvents = YES;
				INFOPLIST_KEY_UILaunchScreen_Generation = YES;
				INFOPLIST_KEY_UISupportedInterfaceOrientations_iPad = "UIInterfaceOrientationPortrait UIInterfaceOrientationPortraitUpsideDown UIInterfaceOrientationLandscapeLeft UIInterfaceOrientationLandscapeRight";
				INFOPLIST_KEY_UISupportedInterfaceOrientations_iPhone = "UIInterfaceOrientationPortrait UIInterfaceOrientationLandscapeLeft UIInterfaceOrientationLandscapeRight";
				LD_RUNPATH_SEARCH_PATHS = (
					"$(inherited)",
					"@executable_path/Frameworks",
				);
				MARKETING_VERSION = 1.0;
				PRODUCT_BUNDLE_IDENTIFIER = com.aspiremobiledev.SplitBuddyPOC;
				PRODUCT_NAME = "$(TARGET_NAME)";
				SWIFT_EMIT_LOC_STRINGS = YES;
				SWIFT_VERSION = 5.0;
				TARGETED_DEVICE_FAMILY = "1,2";
			};
			name = Debug;
		};
		A5BAE90D2E9395FC005AFCD1 /* Release */ = {
			isa = XCBuildConfiguration;
			buildSettings = {
				ASSETCATALOG_COMPILER_APPICON_NAME = AppIcon;
				ASSETCATALOG_COMPILER_GLOBAL_ACCENT_COLOR_NAME = AccentColor;
				CODE_SIGN_STYLE = Automatic;
				CURRENT_PROJECT_VERSION = 1;
				DEVELOPMENT_ASSET_PATHS = "\"SplitBuddyPOC/Preview Content\"";
				ENABLE_PREVIEWS = YES;
				GENERATE_INFOPLIST_FILE = YES;
				INFOPLIST_KEY_UIApplicationSceneManifest_Generation = YES;
				INFOPLIST_KEY_UIApplicationSupportsIndirectInputEvents = YES;
				INFOPLIST_KEY_UILaunchScreen_Generation = YES;
				INFOPLIST_KEY_UISupportedInterfaceOrientations_iPad = "UIInterfaceOrientationPortrait UIInterfaceOrientationPortraitUpsideDown UIInterfaceOrientationLandscapeLeft UIInterfaceOrientationLandscapeRight";
				INFOPLIST_KEY_UISupportedInterfaceOrientations_iPhone = "UIInterfaceOrientationPortrait UIInterfaceOrientationLandscapeLeft UIInterfaceOrientationLandscapeRight";
				LD_RUNPATH_SEARCH_PATHS = (
					"$(inherited)",
					"@executable_path/Frameworks",
				);
				MARKETING_VERSION = 1.0;
				PRODUCT_BUNDLE_IDENTIFIER = com.aspiremobiledev.SplitBuddyPOC;
				PRODUCT_NAME = "$(TARGET_NAME)";
				SWIFT_EMIT_LOC_STRINGS = YES;
				SWIFT_VERSION = 5.0;
				TARGETED_DEVICE_FAMILY = "1,2";
			};
			name = Release;
		};
		A5BAE90F2E9395FC005AFCD1 /* Debug */ = {
			isa = XCBuildConfiguration;
			buildSettings = {
				ALWAYS_EMBED_SWIFT_STANDARD_LIBRARIES = YES;
				BUNDLE_LOADER = "$(TEST_HOST)";
				CODE_SIGN_STYLE = Automatic;
				CURRENT_PROJECT_VERSION = 1;
				GENERATE_INFOPLIST_FILE = YES;
				IPHONEOS_DEPLOYMENT_TARGET = 17.0;
				MARKETING_VERSION = 1.0;
				PRODUCT_BUNDLE_IDENTIFIER = com.aspiremobiledev.SplitBuddyPOCTests;
				PRODUCT_NAME = "$(TARGET_NAME)";
				SWIFT_EMIT_LOC_STRINGS = NO;
				SWIFT_VERSION = 5.0;
				TARGETED_DEVICE_FAMILY = "1,2";
				TEST_HOST = "$(BUILT_PRODUCTS_DIR)/SplitBuddyPOC.app/$(BUNDLE_EXECUTABLE_FOLDER_PATH)/SplitBuddyPOC";
			};
			name = Debug;
		};
		A5BAE9102E9395FC005AFCD1 /* Release */ = {
			isa = XCBuildConfiguration;
			buildSettings = {
				ALWAYS_EMBED_SWIFT_STANDARD_LIBRARIES = YES;
				BUNDLE_LOADER = "$(TEST_HOST)";
				CODE_SIGN_STYLE = Automatic;
				CURRENT_PROJECT_VERSION = 1;
				GENERATE_INFOPLIST_FILE = YES;
				IPHONEOS_DEPLOYMENT_TARGET = 17.0;
				MARKETING_VERSION = 1.0;
				PRODUCT_BUNDLE_IDENTIFIER = com.aspiremobiledev.SplitBuddyPOCTests;
				PRODUCT_NAME = "$(TARGET_NAME)";
				SWIFT_EMIT_LOC_STRINGS = NO;
				SWIFT_VERSION = 5.0;
				TARGETED_DEVICE_FAMILY = "1,2";
				TEST_HOST = "$(BUILT_PRODUCTS_DIR)/SplitBuddyPOC.app/$(BUNDLE_EXECUTABLE_FOLDER_PATH)/SplitBuddyPOC";
			};
			name = Release;
		};
		A5BAE9122E9395FC005AFCD1 /* Debug */ = {
			isa = XCBuildConfiguration;
			buildSettings = {
				ALWAYS_EMBED_SWIFT_STANDARD_LIBRARIES = YES;
				CODE_SIGN_STYLE = Automatic;
				CURRENT_PROJECT_VERSION = 1;
				GENERATE_INFOPLIST_FILE = YES;
				MARKETING_VERSION = 1.0;
				PRODUCT_BUNDLE_IDENTIFIER = com.aspiremobiledev.SplitBuddyPOCUITests;
				PRODUCT_NAME = "$(TARGET_NAME)";
				SWIFT_EMIT_LOC_STRINGS = NO;
				SWIFT_VERSION = 5.0;
				TARGETED_DEVICE_FAMILY = "1,2";
				TEST_TARGET_NAME = SplitBuddyPOC;
			};
			name = Debug;
		};
		A5BAE9132E9395FC005AFCD1 /* Release */ = {
			isa = XCBuildConfiguration;
			buildSettings = {
				ALWAYS_EMBED_SWIFT_STANDARD_LIBRARIES = YES;
				CODE_SIGN_STYLE = Automatic;
				CURRENT_PROJECT_VERSION = 1;
				GENERATE_INFOPLIST_FILE = YES;
				MARKETING_VERSION = 1.0;
				PRODUCT_BUNDLE_IDENTIFIER = com.aspiremobiledev.SplitBuddyPOCUITests;
				PRODUCT_NAME = "$(TARGET_NAME)";
				SWIFT_EMIT_LOC_STRINGS = NO;
				SWIFT_VERSION = 5.0;
				TARGETED_DEVICE_FAMILY = "1,2";
				TEST_TARGET_NAME = SplitBuddyPOC;
			};
			name = Release;
		};
/* End XCBuildConfiguration section */

/* Begin XCConfigurationList section */
		A5BAE8E02E9395FB005AFCD1 /* Build configuration list for PBXProject "SplitBuddyPOC" */ = {
			isa = XCConfigurationList;
			buildConfigurations = (
				A5BAE9092E9395FC005AFCD1 /* Debug */,
				A5BAE90A2E9395FC005AFCD1 /* Release */,
			);
			defaultConfigurationIsVisible = 0;
			defaultConfigurationName = Release;
		};
		A5BAE90B2E9395FC005AFCD1 /* Build configuration list for PBXNativeTarget "SplitBuddyPOC" */ = {
			isa = XCConfigurationList;
			buildConfigurations = (
				A5BAE90C2E9395FC005AFCD1 /* Debug */,
				A5BAE90D2E9395FC005AFCD1 /* Release */,
			);
			defaultConfigurationIsVisible = 0;
			defaultConfigurationName = Release;
		};
		A5BAE90E2E9395FC005AFCD1 /* Build configuration list for PBXNativeTarget "SplitBuddyPOCTests" */ = {
			isa = XCConfigurationList;
			buildConfigurations = (
				A5BAE90F2E9395FC005AFCD1 /* Debug */,
				A5BAE9102E9395FC005AFCD1 /* Release */,
			);
			defaultConfigurationIsVisible = 0;
			defaultConfigurationName = Release;
		};
		A5BAE9112E9395FC005AFCD1 /* Build configuration list for PBXNativeTarget "SplitBuddyPOCUITests" */ = {
			isa = XCConfigurationList;
			buildConfigurations = (
				A5BAE9122E9395FC005AFCD1 /* Debug */,
				A5BAE9132E9395FC005AFCD1 /* Release */,
			);
			defaultConfigurationIsVisible = 0;
			defaultConfigurationName = Release;
		};
/* End XCConfigurationList section */
	};
	rootObject = A5BAE8DD2E9395FB005AFCD1 /* Project object */;
}
